// !$*UTF8*$!
{
	archiveVersion = 1;
	classes = {
	};
	objectVersion = 56;
	objects = {

/* Begin PBXBuildFile section */
		964FC8FC2AEBD33600A44B68 /* BloodMoonDiaryApp.swift in Sources */ = {isa = PBXBuildFile; fileRef = 964FC8FB2AEBD33600A44B68 /* BloodMoonDiaryApp.swift */; };
		964FC8FE2AEBD33600A44B68 /* ContentView.swift in Sources */ = {isa = PBXBuildFile; fileRef = 964FC8FD2AEBD33600A44B68 /* ContentView.swift */; };
		964FC9002AEBD33700A44B68 /* Assets.xcassets in Resources */ = {isa = PBXBuildFile; fileRef = 964FC8FF2AEBD33700A44B68 /* Assets.xcassets */; };
		964FC9032AEBD33700A44B68 /* Preview Assets.xcassets in Resources */ = {isa = PBXBuildFile; fileRef = 964FC9022AEBD33700A44B68 /* Preview Assets.xcassets */; };
		964FC90D2AEBD33700A44B68 /* BloodMoonDiaryTests.swift in Sources */ = {isa = PBXBuildFile; fileRef = 964FC90C2AEBD33700A44B68 /* BloodMoonDiaryTests.swift */; };
		964FC9172AEBD33700A44B68 /* BloodMoonDiaryUITests.swift in Sources */ = {isa = PBXBuildFile; fileRef = 964FC9162AEBD33700A44B68 /* BloodMoonDiaryUITests.swift */; };
		964FC9192AEBD33700A44B68 /* BloodMoonDiaryUITestsLaunchTests.swift in Sources */ = {isa = PBXBuildFile; fileRef = 964FC9182AEBD33700A44B68 /* BloodMoonDiaryUITestsLaunchTests.swift */; };
/* End PBXBuildFile section */

/* Begin PBXContainerItemProxy section */
		964FC9092AEBD33700A44B68 /* PBXContainerItemProxy */ = {
			isa = PBXContainerItemProxy;
			containerPortal = 964FC8F02AEBD33600A44B68 /* Project object */;
			proxyType = 1;
			remoteGlobalIDString = 964FC8F72AEBD33600A44B68;
			remoteInfo = BloodMoonDiary;
		};
		964FC9132AEBD33700A44B68 /* PBXContainerItemProxy */ = {
			isa = PBXContainerItemProxy;
			containerPortal = 964FC8F02AEBD33600A44B68 /* Project object */;
			proxyType = 1;
			remoteGlobalIDString = 964FC8F72AEBD33600A44B68;
			remoteInfo = BloodMoonDiary;
		};
/* End PBXContainerItemProxy section */

/* Begin PBXFileReference section */
		964FC8F82AEBD33600A44B68 /* BloodMoonDiary.app */ = {isa = PBXFileReference; explicitFileType = wrapper.application; includeInIndex = 0; path = BloodMoonDiary.app; sourceTree = BUILT_PRODUCTS_DIR; };
		964FC8FB2AEBD33600A44B68 /* BloodMoonDiaryApp.swift */ = {isa = PBXFileReference; lastKnownFileType = sourcecode.swift; path = BloodMoonDiaryApp.swift; sourceTree = "<group>"; };
		964FC8FD2AEBD33600A44B68 /* ContentView.swift */ = {isa = PBXFileReference; lastKnownFileType = sourcecode.swift; path = ContentView.swift; sourceTree = "<group>"; };
		964FC8FF2AEBD33700A44B68 /* Assets.xcassets */ = {isa = PBXFileReference; lastKnownFileType = folder.assetcatalog; path = Assets.xcassets; sourceTree = "<group>"; };
		964FC9022AEBD33700A44B68 /* Preview Assets.xcassets */ = {isa = PBXFileReference; lastKnownFileType = folder.assetcatalog; path = "Preview Assets.xcassets"; sourceTree = "<group>"; };
		964FC9082AEBD33700A44B68 /* BloodMoonDiaryTests.xctest */ = {isa = PBXFileReference; explicitFileType = wrapper.cfbundle; includeInIndex = 0; path = BloodMoonDiaryTests.xctest; sourceTree = BUILT_PRODUCTS_DIR; };
		964FC90C2AEBD33700A44B68 /* BloodMoonDiaryTests.swift */ = {isa = PBXFileReference; lastKnownFileType = sourcecode.swift; path = BloodMoonDiaryTests.swift; sourceTree = "<group>"; };
		964FC9122AEBD33700A44B68 /* BloodMoonDiaryUITests.xctest */ = {isa = PBXFileReference; explicitFileType = wrapper.cfbundle; includeInIndex = 0; path = BloodMoonDiaryUITests.xctest; sourceTree = BUILT_PRODUCTS_DIR; };
		964FC9162AEBD33700A44B68 /* BloodMoonDiaryUITests.swift */ = {isa = PBXFileReference; lastKnownFileType = sourcecode.swift; path = BloodMoonDiaryUITests.swift; sourceTree = "<group>"; };
		964FC9182AEBD33700A44B68 /* BloodMoonDiaryUITestsLaunchTests.swift */ = {isa = PBXFileReference; lastKnownFileType = sourcecode.swift; path = BloodMoonDiaryUITestsLaunchTests.swift; sourceTree = "<group>"; };
/* End PBXFileReference section */

/* Begin PBXFrameworksBuildPhase section */
		964FC8F52AEBD33600A44B68 /* Frameworks */ = {
			isa = PBXFrameworksBuildPhase;
			buildActionMask = 2147483647;
			files = (
			);
			runOnlyForDeploymentPostprocessing = 0;
		};
		964FC9052AEBD33700A44B68 /* Frameworks */ = {
			isa = PBXFrameworksBuildPhase;
			buildActionMask = 2147483647;
			files = (
			);
			runOnlyForDeploymentPostprocessing = 0;
		};
		964FC90F2AEBD33700A44B68 /* Frameworks */ = {
			isa = PBXFrameworksBuildPhase;
			buildActionMask = 2147483647;
			files = (
			);
			runOnlyForDeploymentPostprocessing = 0;
		};
/* End PBXFrameworksBuildPhase section */

/* Begin PBXGroup section */
		964FC8EF2AEBD33600A44B68 = {
			isa = PBXGroup;
			children = (
				964FC8FA2AEBD33600A44B68 /* BloodMoonDiary */,
				964FC90B2AEBD33700A44B68 /* BloodMoonDiaryTests */,
				964FC9152AEBD33700A44B68 /* BloodMoonDiaryUITests */,
				964FC8F92AEBD33600A44B68 /* Products */,
			);
			sourceTree = "<group>";
		};
		964FC8F92AEBD33600A44B68 /* Products */ = {
			isa = PBXGroup;
			children = (
				964FC8F82AEBD33600A44B68 /* BloodMoonDiary.app */,
				964FC9082AEBD33700A44B68 /* BloodMoonDiaryTests.xctest */,
				964FC9122AEBD33700A44B68 /* BloodMoonDiaryUITests.xctest */,
			);
			name = Products;
			sourceTree = "<group>";
		};
		964FC8FA2AEBD33600A44B68 /* BloodMoonDiary */ = {
			isa = PBXGroup;
			children = (
				964FC8FB2AEBD33600A44B68 /* BloodMoonDiaryApp.swift */,
				964FC8FD2AEBD33600A44B68 /* ContentView.swift */,
				964FC8FF2AEBD33700A44B68 /* Assets.xcassets */,
				964FC9012AEBD33700A44B68 /* Preview Content */,
			);
			path = BloodMoonDiary;
			sourceTree = "<group>";
		};
		964FC9012AEBD33700A44B68 /* Preview Content */ = {
			isa = PBXGroup;
			children = (
				964FC9022AEBD33700A44B68 /* Preview Assets.xcassets */,
			);
			path = "Preview Content";
			sourceTree = "<group>";
		};
		964FC90B2AEBD33700A44B68 /* BloodMoonDiaryTests */ = {
			isa = PBXGroup;
			children = (
				964FC90C2AEBD33700A44B68 /* BloodMoonDiaryTests.swift */,
			);
			path = BloodMoonDiaryTests;
			sourceTree = "<group>";
		};
		964FC9152AEBD33700A44B68 /* BloodMoonDiaryUITests */ = {
			isa = PBXGroup;
			children = (
				964FC9162AEBD33700A44B68 /* BloodMoonDiaryUITests.swift */,
				964FC9182AEBD33700A44B68 /* BloodMoonDiaryUITestsLaunchTests.swift */,
			);
			path = BloodMoonDiaryUITests;
			sourceTree = "<group>";
		};
/* End PBXGroup section */

/* Begin PBXNativeTarget section */
		964FC8F72AEBD33600A44B68 /* BloodMoonDiary */ = {
			isa = PBXNativeTarget;
			buildConfigurationList = 964FC91C2AEBD33700A44B68 /* Build configuration list for PBXNativeTarget "BloodMoonDiary" */;
			buildPhases = (
				964FC8F42AEBD33600A44B68 /* Sources */,
				964FC8F52AEBD33600A44B68 /* Frameworks */,
				964FC8F62AEBD33600A44B68 /* Resources */,
			);
			buildRules = (
			);
			dependencies = (
			);
			name = BloodMoonDiary;
			productName = BloodMoonDiary;
			productReference = 964FC8F82AEBD33600A44B68 /* BloodMoonDiary.app */;
			productType = "com.apple.product-type.application";
		};
		964FC9072AEBD33700A44B68 /* BloodMoonDiaryTests */ = {
			isa = PBXNativeTarget;
			buildConfigurationList = 964FC91F2AEBD33700A44B68 /* Build configuration list for PBXNativeTarget "BloodMoonDiaryTests" */;
			buildPhases = (
				964FC9042AEBD33700A44B68 /* Sources */,
				964FC9052AEBD33700A44B68 /* Frameworks */,
				964FC9062AEBD33700A44B68 /* Resources */,
			);
			buildRules = (
			);
			dependencies = (
				964FC90A2AEBD33700A44B68 /* PBXTargetDependency */,
			);
			name = BloodMoonDiaryTests;
			productName = BloodMoonDiaryTests;
			productReference = 964FC9082AEBD33700A44B68 /* BloodMoonDiaryTests.xctest */;
			productType = "com.apple.product-type.bundle.unit-test";
		};
		964FC9112AEBD33700A44B68 /* BloodMoonDiaryUITests */ = {
			isa = PBXNativeTarget;
			buildConfigurationList = 964FC9222AEBD33700A44B68 /* Build configuration list for PBXNativeTarget "BloodMoonDiaryUITests" */;
			buildPhases = (
				964FC90E2AEBD33700A44B68 /* Sources */,
				964FC90F2AEBD33700A44B68 /* Frameworks */,
				964FC9102AEBD33700A44B68 /* Resources */,
			);
			buildRules = (
			);
			dependencies = (
				964FC9142AEBD33700A44B68 /* PBXTargetDependency */,
			);
			name = BloodMoonDiaryUITests;
			productName = BloodMoonDiaryUITests;
			productReference = 964FC9122AEBD33700A44B68 /* BloodMoonDiaryUITests.xctest */;
			productType = "com.apple.product-type.bundle.ui-testing";
		};
/* End PBXNativeTarget section */

/* Begin PBXProject section */
		964FC8F02AEBD33600A44B68 /* Project object */ = {
			isa = PBXProject;
			attributes = {
				BuildIndependentTargetsInParallel = 1;
				LastSwiftUpdateCheck = 1500;
				LastUpgradeCheck = 1500;
				TargetAttributes = {
					964FC8F72AEBD33600A44B68 = {
						CreatedOnToolsVersion = 15.0;
					};
					964FC9072AEBD33700A44B68 = {
						CreatedOnToolsVersion = 15.0;
						TestTargetID = 964FC8F72AEBD33600A44B68;
					};
					964FC9112AEBD33700A44B68 = {
						CreatedOnToolsVersion = 15.0;
						TestTargetID = 964FC8F72AEBD33600A44B68;
					};
				};
			};
			buildConfigurationList = 964FC8F32AEBD33600A44B68 /* Build configuration list for PBXProject "BloodMoonDiary" */;
			compatibilityVersion = "Xcode 14.0";
			developmentRegion = en;
			hasScannedForEncodings = 0;
			knownRegions = (
				en,
				Base,
			);
			mainGroup = 964FC8EF2AEBD33600A44B68;
			productRefGroup = 964FC8F92AEBD33600A44B68 /* Products */;
			projectDirPath = "";
			projectRoot = "";
			targets = (
				964FC8F72AEBD33600A44B68 /* BloodMoonDiary */,
				964FC9072AEBD33700A44B68 /* BloodMoonDiaryTests */,
				964FC9112AEBD33700A44B68 /* BloodMoonDiaryUITests */,
			);
		};
/* End PBXProject section */

/* Begin PBXResourcesBuildPhase section */
		964FC8F62AEBD33600A44B68 /* Resources */ = {
			isa = PBXResourcesBuildPhase;
			buildActionMask = 2147483647;
			files = (
				964FC9032AEBD33700A44B68 /* Preview Assets.xcassets in Resources */,
				964FC9002AEBD33700A44B68 /* Assets.xcassets in Resources */,
			);
			runOnlyForDeploymentPostprocessing = 0;
		};
		964FC9062AEBD33700A44B68 /* Resources */ = {
			isa = PBXResourcesBuildPhase;
			buildActionMask = 2147483647;
			files = (
			);
			runOnlyForDeploymentPostprocessing = 0;
		};
		964FC9102AEBD33700A44B68 /* Resources */ = {
			isa = PBXResourcesBuildPhase;
			buildActionMask = 2147483647;
			files = (
			);
			runOnlyForDeploymentPostprocessing = 0;
		};
/* End PBXResourcesBuildPhase section */

/* Begin PBXSourcesBuildPhase section */
		964FC8F42AEBD33600A44B68 /* Sources */ = {
			isa = PBXSourcesBuildPhase;
			buildActionMask = 2147483647;
			files = (
				964FC8FE2AEBD33600A44B68 /* ContentView.swift in Sources */,
				964FC8FC2AEBD33600A44B68 /* BloodMoonDiaryApp.swift in Sources */,
			);
			runOnlyForDeploymentPostprocessing = 0;
		};
		964FC9042AEBD33700A44B68 /* Sources */ = {
			isa = PBXSourcesBuildPhase;
			buildActionMask = 2147483647;
			files = (
				964FC90D2AEBD33700A44B68 /* BloodMoonDiaryTests.swift in Sources */,
			);
			runOnlyForDeploymentPostprocessing = 0;
		};
		964FC90E2AEBD33700A44B68 /* Sources */ = {
			isa = PBXSourcesBuildPhase;
			buildActionMask = 2147483647;
			files = (
				964FC9192AEBD33700A44B68 /* BloodMoonDiaryUITestsLaunchTests.swift in Sources */,
				964FC9172AEBD33700A44B68 /* BloodMoonDiaryUITests.swift in Sources */,
			);
			runOnlyForDeploymentPostprocessing = 0;
		};
/* End PBXSourcesBuildPhase section */

/* Begin PBXTargetDependency section */
		964FC90A2AEBD33700A44B68 /* PBXTargetDependency */ = {
			isa = PBXTargetDependency;
			target = 964FC8F72AEBD33600A44B68 /* BloodMoonDiary */;
			targetProxy = 964FC9092AEBD33700A44B68 /* PBXContainerItemProxy */;
		};
		964FC9142AEBD33700A44B68 /* PBXTargetDependency */ = {
			isa = PBXTargetDependency;
			target = 964FC8F72AEBD33600A44B68 /* BloodMoonDiary */;
			targetProxy = 964FC9132AEBD33700A44B68 /* PBXContainerItemProxy */;
		};
/* End PBXTargetDependency section */

/* Begin XCBuildConfiguration section */
		964FC91A2AEBD33700A44B68 /* Debug */ = {
			isa = XCBuildConfiguration;
			buildSettings = {
				ALWAYS_SEARCH_USER_PATHS = NO;
				ASSETCATALOG_COMPILER_GENERATE_SWIFT_ASSET_SYMBOL_EXTENSIONS = YES;
				CLANG_ANALYZER_NONNULL = YES;
				CLANG_ANALYZER_NUMBER_OBJECT_CONVERSION = YES_AGGRESSIVE;
				CLANG_CXX_LANGUAGE_STANDARD = "gnu++20";
				CLANG_ENABLE_MODULES = YES;
				CLANG_ENABLE_OBJC_ARC = YES;
				CLANG_ENABLE_OBJC_WEAK = YES;
				CLANG_WARN_BLOCK_CAPTURE_AUTORELEASING = YES;
				CLANG_WARN_BOOL_CONVERSION = YES;
				CLANG_WARN_COMMA = YES;
				CLANG_WARN_CONSTANT_CONVERSION = YES;
				CLANG_WARN_DEPRECATED_OBJC_IMPLEMENTATIONS = YES;
				CLANG_WARN_DIRECT_OBJC_ISA_USAGE = YES_ERROR;
				CLANG_WARN_DOCUMENTATION_COMMENTS = YES;
				CLANG_WARN_EMPTY_BODY = YES;
				CLANG_WARN_ENUM_CONVERSION = YES;
				CLANG_WARN_INFINITE_RECURSION = YES;
				CLANG_WARN_INT_CONVERSION = YES;
				CLANG_WARN_NON_LITERAL_NULL_CONVERSION = YES;
				CLANG_WARN_OBJC_IMPLICIT_RETAIN_SELF = YES;
				CLANG_WARN_OBJC_LITERAL_CONVERSION = YES;
				CLANG_WARN_OBJC_ROOT_CLASS = YES_ERROR;
				CLANG_WARN_QUOTED_INCLUDE_IN_FRAMEWORK_HEADER = YES;
				CLANG_WARN_RANGE_LOOP_ANALYSIS = YES;
				CLANG_WARN_STRICT_PROTOTYPES = YES;
				CLANG_WARN_SUSPICIOUS_MOVE = YES;
				CLANG_WARN_UNGUARDED_AVAILABILITY = YES_AGGRESSIVE;
				CLANG_WARN_UNREACHABLE_CODE = YES;
				CLANG_WARN__DUPLICATE_METHOD_MATCH = YES;
				COPY_PHASE_STRIP = NO;
				DEBUG_INFORMATION_FORMAT = dwarf;
				ENABLE_STRICT_OBJC_MSGSEND = YES;
				ENABLE_TESTABILITY = YES;
				ENABLE_USER_SCRIPT_SANDBOXING = YES;
				GCC_C_LANGUAGE_STANDARD = gnu17;
				GCC_DYNAMIC_NO_PIC = NO;
				GCC_NO_COMMON_BLOCKS = YES;
				GCC_OPTIMIZATION_LEVEL = 0;
				GCC_PREPROCESSOR_DEFINITIONS = (
					"DEBUG=1",
					"$(inherited)",
				);
				GCC_WARN_64_TO_32_BIT_CONVERSION = YES;
				GCC_WARN_ABOUT_RETURN_TYPE = YES_ERROR;
				GCC_WARN_UNDECLARED_SELECTOR = YES;
				GCC_WARN_UNINITIALIZED_AUTOS = YES_AGGRESSIVE;
				GCC_WARN_UNUSED_FUNCTION = YES;
				GCC_WARN_UNUSED_VARIABLE = YES;
				IPHONEOS_DEPLOYMENT_TARGET = 17.0;
				LOCALIZATION_PREFERS_STRING_CATALOGS = YES;
				MTL_ENABLE_DEBUG_INFO = INCLUDE_SOURCE;
				MTL_FAST_MATH = YES;
				ONLY_ACTIVE_ARCH = YES;
				SDKROOT = iphoneos;
				SWIFT_ACTIVE_COMPILATION_CONDITIONS = "DEBUG $(inherited)";
				SWIFT_OPTIMIZATION_LEVEL = "-Onone";
			};
			name = Debug;
		};
		964FC91B2AEBD33700A44B68 /* Release */ = {
			isa = XCBuildConfiguration;
			buildSettings = {
				ALWAYS_SEARCH_USER_PATHS = NO;
				ASSETCATALOG_COMPILER_GENERATE_SWIFT_ASSET_SYMBOL_EXTENSIONS = YES;
				CLANG_ANALYZER_NONNULL = YES;
				CLANG_ANALYZER_NUMBER_OBJECT_CONVERSION = YES_AGGRESSIVE;
				CLANG_CXX_LANGUAGE_STANDARD = "gnu++20";
				CLANG_ENABLE_MODULES = YES;
				CLANG_ENABLE_OBJC_ARC = YES;
				CLANG_ENABLE_OBJC_WEAK = YES;
				CLANG_WARN_BLOCK_CAPTURE_AUTORELEASING = YES;
				CLANG_WARN_BOOL_CONVERSION = YES;
				CLANG_WARN_COMMA = YES;
				CLANG_WARN_CONSTANT_CONVERSION = YES;
				CLANG_WARN_DEPRECATED_OBJC_IMPLEMENTATIONS = YES;
				CLANG_WARN_DIRECT_OBJC_ISA_USAGE = YES_ERROR;
				CLANG_WARN_DOCUMENTATION_COMMENTS = YES;
				CLANG_WARN_EMPTY_BODY = YES;
				CLANG_WARN_ENUM_CONVERSION = YES;
				CLANG_WARN_INFINITE_RECURSION = YES;
				CLANG_WARN_INT_CONVERSION = YES;
				CLANG_WARN_NON_LITERAL_NULL_CONVERSION = YES;
				CLANG_WARN_OBJC_IMPLICIT_RETAIN_SELF = YES;
				CLANG_WARN_OBJC_LITERAL_CONVERSION = YES;
				CLANG_WARN_OBJC_ROOT_CLASS = YES_ERROR;
				CLANG_WARN_QUOTED_INCLUDE_IN_FRAMEWORK_HEADER = YES;
				CLANG_WARN_RANGE_LOOP_ANALYSIS = YES;
				CLANG_WARN_STRICT_PROTOTYPES = YES;
				CLANG_WARN_SUSPICIOUS_MOVE = YES;
				CLANG_WARN_UNGUARDED_AVAILABILITY = YES_AGGRESSIVE;
				CLANG_WARN_UNREACHABLE_CODE = YES;
				CLANG_WARN__DUPLICATE_METHOD_MATCH = YES;
				COPY_PHASE_STRIP = NO;
				DEBUG_INFORMATION_FORMAT = "dwarf-with-dsym";
				ENABLE_NS_ASSERTIONS = NO;
				ENABLE_STRICT_OBJC_MSGSEND = YES;
				ENABLE_USER_SCRIPT_SANDBOXING = YES;
				GCC_C_LANGUAGE_STANDARD = gnu17;
				GCC_NO_COMMON_BLOCKS = YES;
				GCC_WARN_64_TO_32_BIT_CONVERSION = YES;
				GCC_WARN_ABOUT_RETURN_TYPE = YES_ERROR;
				GCC_WARN_UNDECLARED_SELECTOR = YES;
				GCC_WARN_UNINITIALIZED_AUTOS = YES_AGGRESSIVE;
				GCC_WARN_UNUSED_FUNCTION = YES;
				GCC_WARN_UNUSED_VARIABLE = YES;
				IPHONEOS_DEPLOYMENT_TARGET = 17.0;
				LOCALIZATION_PREFERS_STRING_CATALOGS = YES;
				MTL_ENABLE_DEBUG_INFO = NO;
				MTL_FAST_MATH = YES;
				SDKROOT = iphoneos;
				SWIFT_COMPILATION_MODE = wholemodule;
				VALIDATE_PRODUCT = YES;
			};
			name = Release;
		};
		964FC91D2AEBD33700A44B68 /* Debug */ = {
			isa = XCBuildConfiguration;
			buildSettings = {
				ASSETCATALOG_COMPILER_APPICON_NAME = AppIcon;
				ASSETCATALOG_COMPILER_GLOBAL_ACCENT_COLOR_NAME = AccentColor;
				CODE_SIGN_STYLE = Automatic;
				CURRENT_PROJECT_VERSION = 1;
				DEVELOPMENT_ASSET_PATHS = "\"BloodMoonDiary/Preview Content\"";
				ENABLE_PREVIEWS = YES;
				GENERATE_INFOPLIST_FILE = YES;
				INFOPLIST_KEY_UIApplicationSceneManifest_Generation = YES;
				INFOPLIST_KEY_UIApplicationSupportsIndirectInputEvents = YES;
				INFOPLIST_KEY_UILaunchScreen_Generation = YES;
				INFOPLIST_KEY_UISupportedInterfaceOrientations_iPad = "UIInterfaceOrientationPortrait UIInterfaceOrientationPortraitUpsideDown UIInterfaceOrientationLandscapeLeft UIInterfaceOrientationLandscapeRight";
				INFOPLIST_KEY_UISupportedInterfaceOrientations_iPhone = "UIInterfaceOrientationPortrait UIInterfaceOrientationLandscapeLeft UIInterfaceOrientationLandscapeRight";
				LD_RUNPATH_SEARCH_PATHS = (
					"$(inherited)",
					"@executable_path/Frameworks",
				);
				MARKETING_VERSION = 1.0;
				PRODUCT_BUNDLE_IDENTIFIER = "kr.com.YoujinMac.SwiftUI-watchEX.BloodMoonDiary";
				PRODUCT_NAME = "$(TARGET_NAME)";
				SWIFT_EMIT_LOC_STRINGS = YES;
				SWIFT_VERSION = 5.0;
				TARGETED_DEVICE_FAMILY = "1,2";
			};
			name = Debug;
		};
		964FC91E2AEBD33700A44B68 /* Release */ = {
			isa = XCBuildConfiguration;
			buildSettings = {
				ASSETCATALOG_COMPILER_APPICON_NAME = AppIcon;
				ASSETCATALOG_COMPILER_GLOBAL_ACCENT_COLOR_NAME = AccentColor;
				CODE_SIGN_STYLE = Automatic;
				CURRENT_PROJECT_VERSION = 1;
				DEVELOPMENT_ASSET_PATHS = "\"BloodMoonDiary/Preview Content\"";
				ENABLE_PREVIEWS = YES;
				GENERATE_INFOPLIST_FILE = YES;
				INFOPLIST_KEY_UIApplicationSceneManifest_Generation = YES;
				INFOPLIST_KEY_UIApplicationSupportsIndirectInputEvents = YES;
				INFOPLIST_KEY_UILaunchScreen_Generation = YES;
				INFOPLIST_KEY_UISupportedInterfaceOrientations_iPad = "UIInterfaceOrientationPortrait UIInterfaceOrientationPortraitUpsideDown UIInterfaceOrientationLandscapeLeft UIInterfaceOrientationLandscapeRight";
				INFOPLIST_KEY_UISupportedInterfaceOrientations_iPhone = "UIInterfaceOrientationPortrait UIInterfaceOrientationLandscapeLeft UIInterfaceOrientationLandscapeRight";
				LD_RUNPATH_SEARCH_PATHS = (
					"$(inherited)",
					"@executable_path/Frameworks",
				);
				MARKETING_VERSION = 1.0;
				PRODUCT_BUNDLE_IDENTIFIER = "kr.com.YoujinMac.SwiftUI-watchEX.BloodMoonDiary";
				PRODUCT_NAME = "$(TARGET_NAME)";
				SWIFT_EMIT_LOC_STRINGS = YES;
				SWIFT_VERSION = 5.0;
				TARGETED_DEVICE_FAMILY = "1,2";
			};
			name = Release;
		};
		964FC9202AEBD33700A44B68 /* Debug */ = {
			isa = XCBuildConfiguration;
			buildSettings = {
				ALWAYS_EMBED_SWIFT_STANDARD_LIBRARIES = YES;
				BUNDLE_LOADER = "$(TEST_HOST)";
				CODE_SIGN_STYLE = Automatic;
				CURRENT_PROJECT_VERSION = 1;
				GENERATE_INFOPLIST_FILE = YES;
				IPHONEOS_DEPLOYMENT_TARGET = 17.0;
				MARKETING_VERSION = 1.0;
				PRODUCT_BUNDLE_IDENTIFIER = "kr.com.YoujinMac.SwiftUI-watchEX.BloodMoonDiaryTests";
				PRODUCT_NAME = "$(TARGET_NAME)";
				SWIFT_EMIT_LOC_STRINGS = NO;
				SWIFT_VERSION = 5.0;
				TARGETED_DEVICE_FAMILY = "1,2";
				TEST_HOST = "$(BUILT_PRODUCTS_DIR)/BloodMoonDiary.app/$(BUNDLE_EXECUTABLE_FOLDER_PATH)/BloodMoonDiary";
			};
			name = Debug;
		};
		964FC9212AEBD33700A44B68 /* Release */ = {
			isa = XCBuildConfiguration;
			buildSettings = {
				ALWAYS_EMBED_SWIFT_STANDARD_LIBRARIES = YES;
				BUNDLE_LOADER = "$(TEST_HOST)";
				CODE_SIGN_STYLE = Automatic;
				CURRENT_PROJECT_VERSION = 1;
				GENERATE_INFOPLIST_FILE = YES;
				IPHONEOS_DEPLOYMENT_TARGET = 17.0;
				MARKETING_VERSION = 1.0;
				PRODUCT_BUNDLE_IDENTIFIER = "kr.com.YoujinMac.SwiftUI-watchEX.BloodMoonDiaryTests";
				PRODUCT_NAME = "$(TARGET_NAME)";
				SWIFT_EMIT_LOC_STRINGS = NO;
				SWIFT_VERSION = 5.0;
				TARGETED_DEVICE_FAMILY = "1,2";
				TEST_HOST = "$(BUILT_PRODUCTS_DIR)/BloodMoonDiary.app/$(BUNDLE_EXECUTABLE_FOLDER_PATH)/BloodMoonDiary";
			};
			name = Release;
		};
		964FC9232AEBD33700A44B68 /* Debug */ = {
			isa = XCBuildConfiguration;
			buildSettings = {
				ALWAYS_EMBED_SWIFT_STANDARD_LIBRARIES = YES;
				CODE_SIGN_STYLE = Automatic;
				CURRENT_PROJECT_VERSION = 1;
				GENERATE_INFOPLIST_FILE = YES;
				MARKETING_VERSION = 1.0;
				PRODUCT_BUNDLE_IDENTIFIER = "kr.com.YoujinMac.SwiftUI-watchEX.BloodMoonDiaryUITests";
				PRODUCT_NAME = "$(TARGET_NAME)";
				SWIFT_EMIT_LOC_STRINGS = NO;
				SWIFT_VERSION = 5.0;
				TARGETED_DEVICE_FAMILY = "1,2";
				TEST_TARGET_NAME = BloodMoonDiary;
			};
			name = Debug;
		};
		964FC9242AEBD33700A44B68 /* Release */ = {
			isa = XCBuildConfiguration;
			buildSettings = {
				ALWAYS_EMBED_SWIFT_STANDARD_LIBRARIES = YES;
				CODE_SIGN_STYLE = Automatic;
				CURRENT_PROJECT_VERSION = 1;
				GENERATE_INFOPLIST_FILE = YES;
				MARKETING_VERSION = 1.0;
				PRODUCT_BUNDLE_IDENTIFIER = "kr.com.YoujinMac.SwiftUI-watchEX.BloodMoonDiaryUITests";
				PRODUCT_NAME = "$(TARGET_NAME)";
				SWIFT_EMIT_LOC_STRINGS = NO;
				SWIFT_VERSION = 5.0;
				TARGETED_DEVICE_FAMILY = "1,2";
				TEST_TARGET_NAME = BloodMoonDiary;
			};
			name = Release;
		};
/* End XCBuildConfiguration section */

/* Begin XCConfigurationList section */
		964FC8F32AEBD33600A44B68 /* Build configuration list for PBXProject "BloodMoonDiary" */ = {
			isa = XCConfigurationList;
			buildConfigurations = (
				964FC91A2AEBD33700A44B68 /* Debug */,
				964FC91B2AEBD33700A44B68 /* Release */,
			);
			defaultConfigurationIsVisible = 0;
			defaultConfigurationName = Release;
		};
		964FC91C2AEBD33700A44B68 /* Build configuration list for PBXNativeTarget "BloodMoonDiary" */ = {
			isa = XCConfigurationList;
			buildConfigurations = (
				964FC91D2AEBD33700A44B68 /* Debug */,
				964FC91E2AEBD33700A44B68 /* Release */,
			);
			defaultConfigurationIsVisible = 0;
			defaultConfigurationName = Release;
		};
		964FC91F2AEBD33700A44B68 /* Build configuration list for PBXNativeTarget "BloodMoonDiaryTests" */ = {
			isa = XCConfigurationList;
			buildConfigurations = (
				964FC9202AEBD33700A44B68 /* Debug */,
				964FC9212AEBD33700A44B68 /* Release */,
			);
			defaultConfigurationIsVisible = 0;
			defaultConfigurationName = Release;
		};
		964FC9222AEBD33700A44B68 /* Build configuration list for PBXNativeTarget "BloodMoonDiaryUITests" */ = {
			isa = XCConfigurationList;
			buildConfigurations = (
				964FC9232AEBD33700A44B68 /* Debug */,
				964FC9242AEBD33700A44B68 /* Release */,
			);
			defaultConfigurationIsVisible = 0;
			defaultConfigurationName = Release;
		};
/* End XCConfigurationList section */
	};
	rootObject = 964FC8F02AEBD33600A44B68 /* Project object */;
}
